
Microsoft Visual Studio Solution File, Format Version 12.00
# Visual Studio Version 16
VisualStudioVersion = 16.0.31105.61
MinimumVisualStudioVersion = 10.0.40219.1
Project("{9A19103F-16F7-4668-BE54-9A1E7A4F7556}") = "Size.Application", "Size.Application\Size.Application.csproj", "{19577407-080B-4403-824C-515419C857E1}"
EndProject
Project("{9A19103F-16F7-4668-BE54-9A1E7A4F7556}") = "Size.Data", "Size.Data\Size.Data.csproj", "{73EBED03-A77A-48AF-A729-DE06E943420E}"
EndProject
Project("{9A19103F-16F7-4668-BE54-9A1E7A4F7556}") = "Size.Core", "Size.Core\Size.Core.csproj", "{2FA56B96-720A-4B44-BEFE-F565D213A528}"
EndProject
Project("{2150E333-8FDC-42A3-9474-1A3956D46DE8}") = "Tests", "Tests", "{604FE1DC-7962-49A2-B985-81E18641E461}"
EndProject
Project("{9A19103F-16F7-4668-BE54-9A1E7A4F7556}") = "Size.Core.Tests", "Size.Core.Tests\Size.Core.Tests.csproj", "{60CEDDAB-8F8B-4A34-AB3E-413CE67CD36E}"
EndProject
Project("{2150E333-8FDC-42A3-9474-1A3956D46DE8}") = "API", "API", "{17AC3794-EEF0-4488-A9D2-CE44EC5F9F68}"
EndProject
Project("{2150E333-8FDC-42A3-9474-1A3956D46DE8}") = "Source", "Source", "{40FB4FCE-6909-4AEC-9214-FC44E52D9A66}"
EndProject
Project("{FAE04EC0-301F-11D3-BF4B-00C04F79EFBC}") = "Size.Business", "Size.Business\Size.Business.csproj", "{A0A31893-68A3-4C6E-AED3-9C43C4535739}"
EndProject
Global
	GlobalSection(SolutionConfigurationPlatforms) = preSolution
		Debug|Any CPU = Debug|Any CPU
		Release|Any CPU = Release|Any CPU
	EndGlobalSection
	GlobalSection(ProjectConfigurationPlatforms) = postSolution
		{19577407-080B-4403-824C-515419C857E1}.Debug|Any CPU.ActiveCfg = Debug|Any CPU
		{19577407-080B-4403-824C-515419C857E1}.Debug|Any CPU.Build.0 = Debug|Any CPU
		{19577407-080B-4403-824C-515419C857E1}.Release|Any CPU.ActiveCfg = Release|Any CPU
		{19577407-080B-4403-824C-515419C857E1}.Release|Any CPU.Build.0 = Release|Any CPU
		{73EBED03-A77A-48AF-A729-DE06E943420E}.Debug|Any CPU.ActiveCfg = Debug|Any CPU
		{73EBED03-A77A-48AF-A729-DE06E943420E}.Debug|Any CPU.Build.0 = Debug|Any CPU
		{73EBED03-A77A-48AF-A729-DE06E943420E}.Release|Any CPU.ActiveCfg = Release|Any CPU
		{73EBED03-A77A-48AF-A729-DE06E943420E}.Release|Any CPU.Build.0 = Release|Any CPU
		{2FA56B96-720A-4B44-BEFE-F565D213A528}.Debug|Any CPU.ActiveCfg = Debug|Any CPU
		{2FA56B96-720A-4B44-BEFE-F565D213A528}.Debug|Any CPU.Build.0 = Debug|Any CPU
		{2FA56B96-720A-4B44-BEFE-F565D213A528}.Release|Any CPU.ActiveCfg = Release|Any CPU
		{2FA56B96-720A-4B44-BEFE-F565D213A528}.Release|Any CPU.Build.0 = Release|Any CPU
		{60CEDDAB-8F8B-4A34-AB3E-413CE67CD36E}.Debug|Any CPU.ActiveCfg = Debug|Any CPU
		{60CEDDAB-8F8B-4A34-AB3E-413CE67CD36E}.Debug|Any CPU.Build.0 = Debug|Any CPU
		{60CEDDAB-8F8B-4A34-AB3E-413CE67CD36E}.Release|Any CPU.ActiveCfg = Release|Any CPU
		{60CEDDAB-8F8B-4A34-AB3E-413CE67CD36E}.Release|Any CPU.Build.0 = Release|Any CPU
		{A0A31893-68A3-4C6E-AED3-9C43C4535739}.Debug|Any CPU.ActiveCfg = Debug|Any CPU
		{A0A31893-68A3-4C6E-AED3-9C43C4535739}.Debug|Any CPU.Build.0 = Debug|Any CPU
		{A0A31893-68A3-4C6E-AED3-9C43C4535739}.Release|Any CPU.ActiveCfg = Release|Any CPU
		{A0A31893-68A3-4C6E-AED3-9C43C4535739}.Release|Any CPU.Build.0 = Release|Any CPU
	EndGlobalSection
	GlobalSection(SolutionProperties) = preSolution
		HideSolutionNode = FALSE
	EndGlobalSection
	GlobalSection(NestedProjects) = preSolution
		{19577407-080B-4403-824C-515419C857E1} = {17AC3794-EEF0-4488-A9D2-CE44EC5F9F68}
		{73EBED03-A77A-48AF-A729-DE06E943420E} = {40FB4FCE-6909-4AEC-9214-FC44E52D9A66}
		{2FA56B96-720A-4B44-BEFE-F565D213A528} = {40FB4FCE-6909-4AEC-9214-FC44E52D9A66}
		{60CEDDAB-8F8B-4A34-AB3E-413CE67CD36E} = {604FE1DC-7962-49A2-B985-81E18641E461}
		{A0A31893-68A3-4C6E-AED3-9C43C4535739} = {40FB4FCE-6909-4AEC-9214-FC44E52D9A66}
	EndGlobalSection
	GlobalSection(ExtensibilityGlobals) = postSolution
		SolutionGuid = {F02A57F3-6C36-4F9E-BF88-DA22716E11C6}
	EndGlobalSection
EndGlobal
